
Microsoft Visual Studio Solution File, Format Version 12.00
# Visual Studio Version 17
VisualStudioVersion = 17.0.31903.59
MinimumVisualStudioVersion = 10.0.40219.1
Project("{FAE04EC0-301F-11D3-BF4B-00C04F79EFBC}") = "Reflectionproject", "Reflectionproject\Reflectionproject.csproj", "{98A707A1-0057-4EC9-9BBA-A7BE054FA3FF}"
EndProject
Global
	GlobalSection(SolutionConfigurationPlatforms) = preSolution
		Debug|Any CPU = Debug|Any CPU
		Release|Any CPU = Release|Any CPU
	EndGlobalSection
	GlobalSection(ProjectConfigurationPlatforms) = postSolution
		{98A707A1-0057-4EC9-9BBA-A7BE054FA3FF}.Debug|Any CPU.ActiveCfg = Debug|Any CPU
		{98A707A1-0057-4EC9-9BBA-A7BE054FA3FF}.Debug|Any CPU.Build.0 = Debug|Any CPU
		{98A707A1-0057-4EC9-9BBA-A7BE054FA3FF}.Release|Any CPU.ActiveCfg = Release|Any CPU
		{98A707A1-0057-4EC9-9BBA-A7BE054FA3FF}.Release|Any CPU.Build.0 = Release|Any CPU
	EndGlobalSection
	GlobalSection(SolutionProperties) = preSolution
		HideSolutionNode = FALSE
	EndGlobalSection
	GlobalSection(ExtensibilityGlobals) = postSolution
		SolutionGuid = {565B2BEE-3D34-4BFB-ADF0-097225CA64D6}
	EndGlobalSection
EndGlobal
